
Microsoft Visual Studio Solution File, Format Version 12.00
# Visual Studio Version 16
VisualStudioVersion = 16.0.29318.209
MinimumVisualStudioVersion = 10.0.40219.1
Project("{FAE04EC0-301F-11D3-BF4B-00C04F79EFBC}") = "RandomNumberGenerator", "RandomNumberGenerator\RandomNumberGenerator.csproj", "{A7CCF958-ACCB-47C2-B661-0629F878991C}"
EndProject
Global
	GlobalSection(SolutionConfigurationPlatforms) = preSolution
		Debug|Any CPU = Debug|Any CPU
		Release|Any CPU = Release|Any CPU
	EndGlobalSection
	GlobalSection(ProjectConfigurationPlatforms) = postSolution
		{A7CCF958-ACCB-47C2-B661-0629F878991C}.Debug|Any CPU.ActiveCfg = Debug|Any CPU
		{A7CCF958-ACCB-47C2-B661-0629F878991C}.Debug|Any CPU.Build.0 = Debug|Any CPU
		{A7CCF958-ACCB-47C2-B661-0629F878991C}.Release|Any CPU.ActiveCfg = Release|Any CPU
		{A7CCF958-ACCB-47C2-B661-0629F878991C}.Release|Any CPU.Build.0 = Release|Any CPU
	EndGlobalSection
	GlobalSection(SolutionProperties) = preSolution
		HideSolutionNode = FALSE
	EndGlobalSection
	GlobalSection(ExtensibilityGlobals) = postSolution
		SolutionGuid = {0346581F-4ADF-4D75-B037-41B9714CAD2C}
	EndGlobalSection
EndGlobal
